// !$*UTF8*$!
{
	archiveVersion = 1;
	classes = {
	};
	objectVersion = 55;
	objects = {

/* Begin PBXBuildFile section */
		4013468227B94AE5003E536D /* ResultClass.swift in Sources */ = {isa = PBXBuildFile; fileRef = 4013468127B94AE5003E536D /* ResultClass.swift */; };
		404E213927AAA37B00EBBB78 /* AppDelegate.swift in Sources */ = {isa = PBXBuildFile; fileRef = 404E213827AAA37B00EBBB78 /* AppDelegate.swift */; };
		404E213B27AAA37B00EBBB78 /* SceneDelegate.swift in Sources */ = {isa = PBXBuildFile; fileRef = 404E213A27AAA37B00EBBB78 /* SceneDelegate.swift */; };
		404E213D27AAA37B00EBBB78 /* ViewController.swift in Sources */ = {isa = PBXBuildFile; fileRef = 404E213C27AAA37B00EBBB78 /* ViewController.swift */; };
		404E214027AAA37B00EBBB78 /* Main.storyboard in Resources */ = {isa = PBXBuildFile; fileRef = 404E213E27AAA37B00EBBB78 /* Main.storyboard */; };
		404E214227AAA37D00EBBB78 /* Assets.xcassets in Resources */ = {isa = PBXBuildFile; fileRef = 404E214127AAA37D00EBBB78 /* Assets.xcassets */; };
		404E214527AAA37D00EBBB78 /* LaunchScreen.storyboard in Resources */ = {isa = PBXBuildFile; fileRef = 404E214327AAA37D00EBBB78 /* LaunchScreen.storyboard */; };
		404E214D27AAA38D00EBBB78 /* SettingsViewController.swift in Sources */ = {isa = PBXBuildFile; fileRef = 404E214C27AAA38D00EBBB78 /* SettingsViewController.swift */; };
		404E214F27AAA39300EBBB78 /* GameViewController.swift in Sources */ = {isa = PBXBuildFile; fileRef = 404E214E27AAA39300EBBB78 /* GameViewController.swift */; };
		404E215127AAA3A200EBBB78 /* TableOfRecordsViewController.swift in Sources */ = {isa = PBXBuildFile; fileRef = 404E215027AAA3A200EBBB78 /* TableOfRecordsViewController.swift */; };
		4057C14127B8A75E00550F1E /* SettingsClass.swift in Sources */ = {isa = PBXBuildFile; fileRef = 4057C14027B8A75E00550F1E /* SettingsClass.swift */; };
		40693CEB27B7EBBC006380EB /* AboutAuthorViewController.swift in Sources */ = {isa = PBXBuildFile; fileRef = 40693CEA27B7EBBC006380EB /* AboutAuthorViewController.swift */; };
		406DA77627F4D5760015E7CC /* Localizable.strings in Resources */ = {isa = PBXBuildFile; fileRef = 406DA77827F4D5760015E7CC /* Localizable.strings */; };
		4082619D27B80527003860B4 /* extensions.swift in Sources */ = {isa = PBXBuildFile; fileRef = 4082619C27B80527003860B4 /* extensions.swift */; };
		40B0A3AC27DE603B00BF9CBC /* RecordTableViewCell.swift in Sources */ = {isa = PBXBuildFile; fileRef = 40B0A3AB27DE603B00BF9CBC /* RecordTableViewCell.swift */; };
		40D0C79427B5693700F568D4 /* UA_Wadim_Giant.ttf in Resources */ = {isa = PBXBuildFile; fileRef = 40D0C79327B5693700F568D4 /* UA_Wadim_Giant.ttf */; };
		40F023C327B0422200D9C167 /* FailureViewController.swift in Sources */ = {isa = PBXBuildFile; fileRef = 40F023C227B0422200D9C167 /* FailureViewController.swift */; };
/* End PBXBuildFile section */

/* Begin PBXFileReference section */
		4013468127B94AE5003E536D /* ResultClass.swift */ = {isa = PBXFileReference; lastKnownFileType = sourcecode.swift; path = ResultClass.swift; sourceTree = "<group>"; };
		404E213527AAA37B00EBBB78 /* SubmarineGame.app */ = {isa = PBXFileReference; explicitFileType = wrapper.application; includeInIndex = 0; path = SubmarineGame.app; sourceTree = BUILT_PRODUCTS_DIR; };
		404E213827AAA37B00EBBB78 /* AppDelegate.swift */ = {isa = PBXFileReference; lastKnownFileType = sourcecode.swift; path = AppDelegate.swift; sourceTree = "<group>"; };
		404E213A27AAA37B00EBBB78 /* SceneDelegate.swift */ = {isa = PBXFileReference; lastKnownFileType = sourcecode.swift; path = SceneDelegate.swift; sourceTree = "<group>"; };
		404E213C27AAA37B00EBBB78 /* ViewController.swift */ = {isa = PBXFileReference; lastKnownFileType = sourcecode.swift; path = ViewController.swift; sourceTree = "<group>"; };
		404E213F27AAA37B00EBBB78 /* Base */ = {isa = PBXFileReference; lastKnownFileType = file.storyboard; name = Base; path = Base.lproj/Main.storyboard; sourceTree = "<group>"; };
		404E214127AAA37D00EBBB78 /* Assets.xcassets */ = {isa = PBXFileReference; lastKnownFileType = folder.assetcatalog; path = Assets.xcassets; sourceTree = "<group>"; };
		404E214427AAA37D00EBBB78 /* Base */ = {isa = PBXFileReference; lastKnownFileType = file.storyboard; name = Base; path = Base.lproj/LaunchScreen.storyboard; sourceTree = "<group>"; };
		404E214627AAA37D00EBBB78 /* Info.plist */ = {isa = PBXFileReference; lastKnownFileType = text.plist.xml; path = Info.plist; sourceTree = "<group>"; };
		404E214C27AAA38D00EBBB78 /* SettingsViewController.swift */ = {isa = PBXFileReference; lastKnownFileType = sourcecode.swift; path = SettingsViewController.swift; sourceTree = "<group>"; };
		404E214E27AAA39300EBBB78 /* GameViewController.swift */ = {isa = PBXFileReference; lastKnownFileType = sourcecode.swift; path = GameViewController.swift; sourceTree = "<group>"; };
		404E215027AAA3A200EBBB78 /* TableOfRecordsViewController.swift */ = {isa = PBXFileReference; lastKnownFileType = sourcecode.swift; path = TableOfRecordsViewController.swift; sourceTree = "<group>"; };
		4057C14027B8A75E00550F1E /* SettingsClass.swift */ = {isa = PBXFileReference; lastKnownFileType = sourcecode.swift; path = SettingsClass.swift; sourceTree = "<group>"; };
		40693CEA27B7EBBC006380EB /* AboutAuthorViewController.swift */ = {isa = PBXFileReference; lastKnownFileType = sourcecode.swift; path = AboutAuthorViewController.swift; sourceTree = "<group>"; };
		406DA77727F4D5760015E7CC /* en */ = {isa = PBXFileReference; lastKnownFileType = text.plist.strings; name = en; path = en.lproj/Localizable.strings; sourceTree = "<group>"; };
		406DA77927F4D5A30015E7CC /* ru */ = {isa = PBXFileReference; lastKnownFileType = text.plist.strings; name = ru; path = ru.lproj/Localizable.strings; sourceTree = "<group>"; };
		4082619C27B80527003860B4 /* extensions.swift */ = {isa = PBXFileReference; lastKnownFileType = sourcecode.swift; path = extensions.swift; sourceTree = "<group>"; };
		40B0A3AB27DE603B00BF9CBC /* RecordTableViewCell.swift */ = {isa = PBXFileReference; lastKnownFileType = sourcecode.swift; path = RecordTableViewCell.swift; sourceTree = "<group>"; };
		40D0C79327B5693700F568D4 /* UA_Wadim_Giant.ttf */ = {isa = PBXFileReference; lastKnownFileType = file; path = UA_Wadim_Giant.ttf; sourceTree = "<group>"; };
		40F023C227B0422200D9C167 /* FailureViewController.swift */ = {isa = PBXFileReference; lastKnownFileType = sourcecode.swift; path = FailureViewController.swift; sourceTree = "<group>"; };
/* End PBXFileReference section */

/* Begin PBXFrameworksBuildPhase section */
		404E213227AAA37B00EBBB78 /* Frameworks */ = {
			isa = PBXFrameworksBuildPhase;
			buildActionMask = 2147483647;
			files = (
			);
			runOnlyForDeploymentPostprocessing = 0;
		};
/* End PBXFrameworksBuildPhase section */

/* Begin PBXGroup section */
		404E212C27AAA37B00EBBB78 = {
			isa = PBXGroup;
			children = (
				404E213727AAA37B00EBBB78 /* SubmarineGame */,
				404E213627AAA37B00EBBB78 /* Products */,
			);
			sourceTree = "<group>";
		};
		404E213627AAA37B00EBBB78 /* Products */ = {
			isa = PBXGroup;
			children = (
				404E213527AAA37B00EBBB78 /* SubmarineGame.app */,
			);
			name = Products;
			sourceTree = "<group>";
		};
		404E213727AAA37B00EBBB78 /* SubmarineGame */ = {
			isa = PBXGroup;
			children = (
				406DA77827F4D5760015E7CC /* Localizable.strings */,
				40B0A3AA27DE602A00BF9CBC /* cells */,
				404E213827AAA37B00EBBB78 /* AppDelegate.swift */,
				4057C14027B8A75E00550F1E /* SettingsClass.swift */,
				404E213A27AAA37B00EBBB78 /* SceneDelegate.swift */,
				4082619C27B80527003860B4 /* extensions.swift */,
				4013468127B94AE5003E536D /* ResultClass.swift */,
				404E213E27AAA37B00EBBB78 /* Main.storyboard */,
				40D0C79227B5692900F568D4 /* Fonts */,
				404E215227AAA4A400EBBB78 /* Controllers */,
				404E214127AAA37D00EBBB78 /* Assets.xcassets */,
				404E214327AAA37D00EBBB78 /* LaunchScreen.storyboard */,
				404E214627AAA37D00EBBB78 /* Info.plist */,
			);
			path = SubmarineGame;
			sourceTree = "<group>";
		};
		404E215227AAA4A400EBBB78 /* Controllers */ = {
			isa = PBXGroup;
			children = (
				404E213C27AAA37B00EBBB78 /* ViewController.swift */,
				404E214C27AAA38D00EBBB78 /* SettingsViewController.swift */,
				404E214E27AAA39300EBBB78 /* GameViewController.swift */,
				404E215027AAA3A200EBBB78 /* TableOfRecordsViewController.swift */,
				40F023C227B0422200D9C167 /* FailureViewController.swift */,
				40693CEA27B7EBBC006380EB /* AboutAuthorViewController.swift */,
			);
			path = Controllers;
			sourceTree = "<group>";
		};
		40B0A3AA27DE602A00BF9CBC /* cells */ = {
			isa = PBXGroup;
			children = (
				40B0A3AB27DE603B00BF9CBC /* RecordTableViewCell.swift */,
			);
			path = cells;
			sourceTree = "<group>";
		};
		40D0C79227B5692900F568D4 /* Fonts */ = {
			isa = PBXGroup;
			children = (
				40D0C79327B5693700F568D4 /* UA_Wadim_Giant.ttf */,
			);
			path = Fonts;
			sourceTree = "<group>";
		};
/* End PBXGroup section */

/* Begin PBXNativeTarget section */
		404E213427AAA37B00EBBB78 /* SubmarineGame */ = {
			isa = PBXNativeTarget;
			buildConfigurationList = 404E214927AAA37D00EBBB78 /* Build configuration list for PBXNativeTarget "SubmarineGame" */;
			buildPhases = (
				404E213127AAA37B00EBBB78 /* Sources */,
				404E213227AAA37B00EBBB78 /* Frameworks */,
				404E213327AAA37B00EBBB78 /* Resources */,
			);
			buildRules = (
			);
			dependencies = (
			);
			name = SubmarineGame;
			productName = SubmarineGame;
			productReference = 404E213527AAA37B00EBBB78 /* SubmarineGame.app */;
			productType = "com.apple.product-type.application";
		};
/* End PBXNativeTarget section */

/* Begin PBXProject section */
		404E212D27AAA37B00EBBB78 /* Project object */ = {
			isa = PBXProject;
			attributes = {
				BuildIndependentTargetsInParallel = 1;
				LastSwiftUpdateCheck = 1320;
				LastUpgradeCheck = 1320;
				TargetAttributes = {
					404E213427AAA37B00EBBB78 = {
						CreatedOnToolsVersion = 13.2.1;
					};
				};
			};
			buildConfigurationList = 404E213027AAA37B00EBBB78 /* Build configuration list for PBXProject "SubmarineGame" */;
			compatibilityVersion = "Xcode 13.0";
			developmentRegion = en;
			hasScannedForEncodings = 0;
			knownRegions = (
				en,
				Base,
				ru,
			);
			mainGroup = 404E212C27AAA37B00EBBB78;
			productRefGroup = 404E213627AAA37B00EBBB78 /* Products */;
			projectDirPath = "";
			projectRoot = "";
			targets = (
				404E213427AAA37B00EBBB78 /* SubmarineGame */,
			);
		};
/* End PBXProject section */

/* Begin PBXResourcesBuildPhase section */
		404E213327AAA37B00EBBB78 /* Resources */ = {
			isa = PBXResourcesBuildPhase;
			buildActionMask = 2147483647;
			files = (
				406DA77627F4D5760015E7CC /* Localizable.strings in Resources */,
				404E214527AAA37D00EBBB78 /* LaunchScreen.storyboard in Resources */,
				404E214227AAA37D00EBBB78 /* Assets.xcassets in Resources */,
				404E214027AAA37B00EBBB78 /* Main.storyboard in Resources */,
				40D0C79427B5693700F568D4 /* UA_Wadim_Giant.ttf in Resources */,
			);
			runOnlyForDeploymentPostprocessing = 0;
		};
/* End PBXResourcesBuildPhase section */

/* Begin PBXSourcesBuildPhase section */
		404E213127AAA37B00EBBB78 /* Sources */ = {
			isa = PBXSourcesBuildPhase;
			buildActionMask = 2147483647;
			files = (
				404E214F27AAA39300EBBB78 /* GameViewController.swift in Sources */,
				404E213D27AAA37B00EBBB78 /* ViewController.swift in Sources */,
				40B0A3AC27DE603B00BF9CBC /* RecordTableViewCell.swift in Sources */,
				404E213927AAA37B00EBBB78 /* AppDelegate.swift in Sources */,
				404E213B27AAA37B00EBBB78 /* SceneDelegate.swift in Sources */,
				40F023C327B0422200D9C167 /* FailureViewController.swift in Sources */,
				4057C14127B8A75E00550F1E /* SettingsClass.swift in Sources */,
				4082619D27B80527003860B4 /* extensions.swift in Sources */,
				404E214D27AAA38D00EBBB78 /* SettingsViewController.swift in Sources */,
				404E215127AAA3A200EBBB78 /* TableOfRecordsViewController.swift in Sources */,
				40693CEB27B7EBBC006380EB /* AboutAuthorViewController.swift in Sources */,
				4013468227B94AE5003E536D /* ResultClass.swift in Sources */,
			);
			runOnlyForDeploymentPostprocessing = 0;
		};
/* End PBXSourcesBuildPhase section */

/* Begin PBXVariantGroup section */
		404E213E27AAA37B00EBBB78 /* Main.storyboard */ = {
			isa = PBXVariantGroup;
			children = (
				404E213F27AAA37B00EBBB78 /* Base */,
			);
			name = Main.storyboard;
			sourceTree = "<group>";
		};
		404E214327AAA37D00EBBB78 /* LaunchScreen.storyboard */ = {
			isa = PBXVariantGroup;
			children = (
				404E214427AAA37D00EBBB78 /* Base */,
			);
			name = LaunchScreen.storyboard;
			sourceTree = "<group>";
		};
		406DA77827F4D5760015E7CC /* Localizable.strings */ = {
			isa = PBXVariantGroup;
			children = (
				406DA77727F4D5760015E7CC /* en */,
				406DA77927F4D5A30015E7CC /* ru */,
			);
			name = Localizable.strings;
			sourceTree = "<group>";
		};
/* End PBXVariantGroup section */

/* Begin XCBuildConfiguration section */
		404E214727AAA37D00EBBB78 /* Debug */ = {
			isa = XCBuildConfiguration;
			buildSettings = {
				ALWAYS_SEARCH_USER_PATHS = NO;
				CLANG_ANALYZER_LOCALIZABILITY_NONLOCALIZED = YES;
				CLANG_ANALYZER_NONNULL = YES;
				CLANG_ANALYZER_NUMBER_OBJECT_CONVERSION = YES_AGGRESSIVE;
				CLANG_CXX_LANGUAGE_STANDARD = "gnu++17";
				CLANG_CXX_LIBRARY = "libc++";
				CLANG_ENABLE_MODULES = YES;
				CLANG_ENABLE_OBJC_ARC = YES;
				CLANG_ENABLE_OBJC_WEAK = YES;
				CLANG_WARN_BLOCK_CAPTURE_AUTORELEASING = YES;
				CLANG_WARN_BOOL_CONVERSION = YES;
				CLANG_WARN_COMMA = YES;
				CLANG_WARN_CONSTANT_CONVERSION = YES;
				CLANG_WARN_DEPRECATED_OBJC_IMPLEMENTATIONS = YES;
				CLANG_WARN_DIRECT_OBJC_ISA_USAGE = YES_ERROR;
				CLANG_WARN_DOCUMENTATION_COMMENTS = YES;
				CLANG_WARN_EMPTY_BODY = YES;
				CLANG_WARN_ENUM_CONVERSION = YES;
				CLANG_WARN_INFINITE_RECURSION = YES;
				CLANG_WARN_INT_CONVERSION = YES;
				CLANG_WARN_NON_LITERAL_NULL_CONVERSION = YES;
				CLANG_WARN_OBJC_IMPLICIT_RETAIN_SELF = YES;
				CLANG_WARN_OBJC_LITERAL_CONVERSION = YES;
				CLANG_WARN_OBJC_ROOT_CLASS = YES_ERROR;
				CLANG_WARN_QUOTED_INCLUDE_IN_FRAMEWORK_HEADER = YES;
				CLANG_WARN_RANGE_LOOP_ANALYSIS = YES;
				CLANG_WARN_STRICT_PROTOTYPES = YES;
				CLANG_WARN_SUSPICIOUS_MOVE = YES;
				CLANG_WARN_UNGUARDED_AVAILABILITY = YES_AGGRESSIVE;
				CLANG_WARN_UNREACHABLE_CODE = YES;
				CLANG_WARN__DUPLICATE_METHOD_MATCH = YES;
				COPY_PHASE_STRIP = NO;
				DEBUG_INFORMATION_FORMAT = dwarf;
				ENABLE_STRICT_OBJC_MSGSEND = YES;
				ENABLE_TESTABILITY = YES;
				GCC_C_LANGUAGE_STANDARD = gnu11;
				GCC_DYNAMIC_NO_PIC = NO;
				GCC_NO_COMMON_BLOCKS = YES;
				GCC_OPTIMIZATION_LEVEL = 0;
				GCC_PREPROCESSOR_DEFINITIONS = (
					"DEBUG=1",
					"$(inherited)",
				);
				GCC_WARN_64_TO_32_BIT_CONVERSION = YES;
				GCC_WARN_ABOUT_RETURN_TYPE = YES_ERROR;
				GCC_WARN_UNDECLARED_SELECTOR = YES;
				GCC_WARN_UNINITIALIZED_AUTOS = YES_AGGRESSIVE;
				GCC_WARN_UNUSED_FUNCTION = YES;
				GCC_WARN_UNUSED_VARIABLE = YES;
				IPHONEOS_DEPLOYMENT_TARGET = 15.2;
				MTL_ENABLE_DEBUG_INFO = INCLUDE_SOURCE;
				MTL_FAST_MATH = YES;
				ONLY_ACTIVE_ARCH = YES;
				SDKROOT = iphoneos;
				SWIFT_ACTIVE_COMPILATION_CONDITIONS = DEBUG;
				SWIFT_OPTIMIZATION_LEVEL = "-Onone";
			};
			name = Debug;
		};
		404E214827AAA37D00EBBB78 /* Release */ = {
			isa = XCBuildConfiguration;
			buildSettings = {
				ALWAYS_SEARCH_USER_PATHS = NO;
				CLANG_ANALYZER_LOCALIZABILITY_NONLOCALIZED = YES;
				CLANG_ANALYZER_NONNULL = YES;
				CLANG_ANALYZER_NUMBER_OBJECT_CONVERSION = YES_AGGRESSIVE;
				CLANG_CXX_LANGUAGE_STANDARD = "gnu++17";
				CLANG_CXX_LIBRARY = "libc++";
				CLANG_ENABLE_MODULES = YES;
				CLANG_ENABLE_OBJC_ARC = YES;
				CLANG_ENABLE_OBJC_WEAK = YES;
				CLANG_WARN_BLOCK_CAPTURE_AUTORELEASING = YES;
				CLANG_WARN_BOOL_CONVERSION = YES;
				CLANG_WARN_COMMA = YES;
				CLANG_WARN_CONSTANT_CONVERSION = YES;
				CLANG_WARN_DEPRECATED_OBJC_IMPLEMENTATIONS = YES;
				CLANG_WARN_DIRECT_OBJC_ISA_USAGE = YES_ERROR;
				CLANG_WARN_DOCUMENTATION_COMMENTS = YES;
				CLANG_WARN_EMPTY_BODY = YES;
				CLANG_WARN_ENUM_CONVERSION = YES;
				CLANG_WARN_INFINITE_RECURSION = YES;
				CLANG_WARN_INT_CONVERSION = YES;
				CLANG_WARN_NON_LITERAL_NULL_CONVERSION = YES;
				CLANG_WARN_OBJC_IMPLICIT_RETAIN_SELF = YES;
				CLANG_WARN_OBJC_LITERAL_CONVERSION = YES;
				CLANG_WARN_OBJC_ROOT_CLASS = YES_ERROR;
				CLANG_WARN_QUOTED_INCLUDE_IN_FRAMEWORK_HEADER = YES;
				CLANG_WARN_RANGE_LOOP_ANALYSIS = YES;
				CLANG_WARN_STRICT_PROTOTYPES = YES;
				CLANG_WARN_SUSPICIOUS_MOVE = YES;
				CLANG_WARN_UNGUARDED_AVAILABILITY = YES_AGGRESSIVE;
				CLANG_WARN_UNREACHABLE_CODE = YES;
				CLANG_WARN__DUPLICATE_METHOD_MATCH = YES;
				COPY_PHASE_STRIP = NO;
				DEBUG_INFORMATION_FORMAT = "dwarf-with-dsym";
				ENABLE_NS_ASSERTIONS = NO;
				ENABLE_STRICT_OBJC_MSGSEND = YES;
				GCC_C_LANGUAGE_STANDARD = gnu11;
				GCC_NO_COMMON_BLOCKS = YES;
				GCC_WARN_64_TO_32_BIT_CONVERSION = YES;
				GCC_WARN_ABOUT_RETURN_TYPE = YES_ERROR;
				GCC_WARN_UNDECLARED_SELECTOR = YES;
				GCC_WARN_UNINITIALIZED_AUTOS = YES_AGGRESSIVE;
				GCC_WARN_UNUSED_FUNCTION = YES;
				GCC_WARN_UNUSED_VARIABLE = YES;
				IPHONEOS_DEPLOYMENT_TARGET = 15.2;
				MTL_ENABLE_DEBUG_INFO = NO;
				MTL_FAST_MATH = YES;
				SDKROOT = iphoneos;
				SWIFT_COMPILATION_MODE = wholemodule;
				SWIFT_OPTIMIZATION_LEVEL = "-O";
				VALIDATE_PRODUCT = YES;
			};
			name = Release;
		};
		404E214A27AAA37D00EBBB78 /* Debug */ = {
			isa = XCBuildConfiguration;
			buildSettings = {
				ASSETCATALOG_COMPILER_APPICON_NAME = AppIcon;
				ASSETCATALOG_COMPILER_GLOBAL_ACCENT_COLOR_NAME = AccentColor;
				CODE_SIGN_STYLE = Automatic;
				CURRENT_PROJECT_VERSION = 1;
				DEVELOPMENT_TEAM = H6466NBM9Y;
				GENERATE_INFOPLIST_FILE = YES;
				INFOPLIST_FILE = SubmarineGame/Info.plist;
				INFOPLIST_KEY_UIApplicationSupportsIndirectInputEvents = YES;
				INFOPLIST_KEY_UILaunchStoryboardName = LaunchScreen;
				INFOPLIST_KEY_UIMainStoryboardFile = Main;
				INFOPLIST_KEY_UISupportedInterfaceOrientations = "UIInterfaceOrientationLandscapeLeft UIInterfaceOrientationLandscapeRight";
				INFOPLIST_KEY_UISupportedInterfaceOrientations_iPad = "UIInterfaceOrientationPortrait UIInterfaceOrientationPortraitUpsideDown UIInterfaceOrientationLandscapeLeft UIInterfaceOrientationLandscapeRight";
				INFOPLIST_KEY_UISupportedInterfaceOrientations_iPhone = "UIInterfaceOrientationPortrait UIInterfaceOrientationLandscapeLeft UIInterfaceOrientationLandscapeRight";
				LD_RUNPATH_SEARCH_PATHS = (
					"$(inherited)",
					"@executable_path/Frameworks",
				);
				MARKETING_VERSION = 1.0;
				PRODUCT_BUNDLE_IDENTIFIER = Idk.SubmarineGame;
				PRODUCT_NAME = "$(TARGET_NAME)";
				SWIFT_EMIT_LOC_STRINGS = YES;
				SWIFT_VERSION = 5.0;
				TARGETED_DEVICE_FAMILY = "1,2";
			};
			name = Debug;
		};
		404E214B27AAA37D00EBBB78 /* Release */ = {
			isa = XCBuildConfiguration;
			buildSettings = {
				ASSETCATALOG_COMPILER_APPICON_NAME = AppIcon;
				ASSETCATALOG_COMPILER_GLOBAL_ACCENT_COLOR_NAME = AccentColor;
				CODE_SIGN_STYLE = Automatic;
				CURRENT_PROJECT_VERSION = 1;
				DEVELOPMENT_TEAM = H6466NBM9Y;
				GENERATE_INFOPLIST_FILE = YES;
				INFOPLIST_FILE = SubmarineGame/Info.plist;
				INFOPLIST_KEY_UIApplicationSupportsIndirectInputEvents = YES;
				INFOPLIST_KEY_UILaunchStoryboardName = LaunchScreen;
				INFOPLIST_KEY_UIMainStoryboardFile = Main;
				INFOPLIST_KEY_UISupportedInterfaceOrientations = "UIInterfaceOrientationLandscapeLeft UIInterfaceOrientationLandscapeRight";
				INFOPLIST_KEY_UISupportedInterfaceOrientations_iPad = "UIInterfaceOrientationPortrait UIInterfaceOrientationPortraitUpsideDown UIInterfaceOrientationLandscapeLeft UIInterfaceOrientationLandscapeRight";
				INFOPLIST_KEY_UISupportedInterfaceOrientations_iPhone = "UIInterfaceOrientationPortrait UIInterfaceOrientationLandscapeLeft UIInterfaceOrientationLandscapeRight";
				LD_RUNPATH_SEARCH_PATHS = (
					"$(inherited)",
					"@executable_path/Frameworks",
				);
				MARKETING_VERSION = 1.0;
				PRODUCT_BUNDLE_IDENTIFIER = Idk.SubmarineGame;
				PRODUCT_NAME = "$(TARGET_NAME)";
				SWIFT_EMIT_LOC_STRINGS = YES;
				SWIFT_VERSION = 5.0;
				TARGETED_DEVICE_FAMILY = "1,2";
			};
			name = Release;
		};
/* End XCBuildConfiguration section */

/* Begin XCConfigurationList section */
		404E213027AAA37B00EBBB78 /* Build configuration list for PBXProject "SubmarineGame" */ = {
			isa = XCConfigurationList;
			buildConfigurations = (
				404E214727AAA37D00EBBB78 /* Debug */,
				404E214827AAA37D00EBBB78 /* Release */,
			);
			defaultConfigurationIsVisible = 0;
			defaultConfigurationName = Release;
		};
		404E214927AAA37D00EBBB78 /* Build configuration list for PBXNativeTarget "SubmarineGame" */ = {
			isa = XCConfigurationList;
			buildConfigurations = (
				404E214A27AAA37D00EBBB78 /* Debug */,
				404E214B27AAA37D00EBBB78 /* Release */,
			);
			defaultConfigurationIsVisible = 0;
			defaultConfigurationName = Release;
		};
/* End XCConfigurationList section */
	};
	rootObject = 404E212D27AAA37B00EBBB78 /* Project object */;
}
